
Microsoft Visual Studio Solution File, Format Version 12.00
# Visual Studio 14
VisualStudioVersion = 14.0.24720.0
MinimumVisualStudioVersion = 10.0.40219.1
Project("{FAE04EC0-301F-11D3-BF4B-00C04F79EFBC}") = "Bartec.Collective", "Bartec.Collective\Bartec.Collective.csproj", "{9B20CB18-B52C-4E21-9177-3C64F3D8EF86}"
EndProject
Global
	GlobalSection(SolutionConfigurationPlatforms) = preSolution
		Debug|Any CPU = Debug|Any CPU
		Release|Any CPU = Release|Any CPU
	EndGlobalSection
	GlobalSection(ProjectConfigurationPlatforms) = postSolution
		{9B20CB18-B52C-4E21-9177-3C64F3D8EF86}.Debug|Any CPU.ActiveCfg = Debug|Any CPU
		{9B20CB18-B52C-4E21-9177-3C64F3D8EF86}.Debug|Any CPU.Build.0 = Debug|Any CPU
		{9B20CB18-B52C-4E21-9177-3C64F3D8EF86}.Release|Any CPU.ActiveCfg = Release|Any CPU
		{9B20CB18-B52C-4E21-9177-3C64F3D8EF86}.Release|Any CPU.Build.0 = Release|Any CPU
	EndGlobalSection
	GlobalSection(SolutionProperties) = preSolution
		HideSolutionNode = FALSE
	EndGlobalSection
EndGlobal
